
Microsoft Visual Studio Solution File, Format Version 12.00
# Visual Studio Version 17
VisualStudioVersion = 17.6.33829.357
MinimumVisualStudioVersion = 10.0.40219.1
Project("{FAE04EC0-301F-11D3-BF4B-00C04F79EFBC}") = "WpfObservableRangeCollection", "WpfObservableRangeCollection\WpfObservableRangeCollection.csproj", "{2B00D450-FA66-4F4E-A6A1-D6A89AEBB7FB}"
EndProject
Global
	GlobalSection(SolutionConfigurationPlatforms) = preSolution
		Debug|Any CPU = Debug|Any CPU
		Release|Any CPU = Release|Any CPU
	EndGlobalSection
	GlobalSection(ProjectConfigurationPlatforms) = postSolution
		{2B00D450-FA66-4F4E-A6A1-D6A89AEBB7FB}.Debug|Any CPU.ActiveCfg = Debug|Any CPU
		{2B00D450-FA66-4F4E-A6A1-D6A89AEBB7FB}.Debug|Any CPU.Build.0 = Debug|Any CPU
		{2B00D450-FA66-4F4E-A6A1-D6A89AEBB7FB}.Release|Any CPU.ActiveCfg = Release|Any CPU
		{2B00D450-FA66-4F4E-A6A1-D6A89AEBB7FB}.Release|Any CPU.Build.0 = Release|Any CPU
	EndGlobalSection
	GlobalSection(SolutionProperties) = preSolution
		HideSolutionNode = FALSE
	EndGlobalSection
	GlobalSection(ExtensibilityGlobals) = postSolution
		SolutionGuid = {F88B1A45-A94E-482E-A093-033E287CEE69}
	EndGlobalSection
EndGlobal
